
Microsoft Visual Studio Solution File, Format Version 12.00
# Visual Studio Version 17
VisualStudioVersion = 17.8.34309.116
MinimumVisualStudioVersion = 10.0.40219.1
Project("{9A19103F-16F7-4668-BE54-9A1E7A4F7556}") = "SuperStore", "SuperStore\SuperStore.csproj", "{EC400BC9-F157-4B78-A8A5-0BD44C222999}"
EndProject
Global
	GlobalSection(SolutionConfigurationPlatforms) = preSolution
		Debug|Any CPU = Debug|Any CPU
		Release|Any CPU = Release|Any CPU
	EndGlobalSection
	GlobalSection(ProjectConfigurationPlatforms) = postSolution
		{EC400BC9-F157-4B78-A8A5-0BD44C222999}.Debug|Any CPU.ActiveCfg = Debug|Any CPU
		{EC400BC9-F157-4B78-A8A5-0BD44C222999}.Debug|Any CPU.Build.0 = Debug|Any CPU
		{EC400BC9-F157-4B78-A8A5-0BD44C222999}.Release|Any CPU.ActiveCfg = Release|Any CPU
		{EC400BC9-F157-4B78-A8A5-0BD44C222999}.Release|Any CPU.Build.0 = Release|Any CPU
	EndGlobalSection
	GlobalSection(SolutionProperties) = preSolution
		HideSolutionNode = FALSE
	EndGlobalSection
	GlobalSection(ExtensibilityGlobals) = postSolution
		SolutionGuid = {8219197E-CF2B-4232-8322-0801A7FA1CAF}
	EndGlobalSection
EndGlobal
